
Microsoft Visual Studio Solution File, Format Version 12.00
# Visual Studio Version 18
VisualStudioVersion = 18.5.11723.231
MinimumVisualStudioVersion = 10.0.40219.1
Project("{2150E333-8FDC-42A3-9474-1A3956D46DE8}") = "services", "services", "{5854FF58-B8C5-05C6-5BF2-ACE42193F22B}"
EndProject
Project("{2150E333-8FDC-42A3-9474-1A3956D46DE8}") = "delivery", "delivery", "{269E2EEF-A70D-B8BE-4352-54CF8C86B016}"
EndProject
Project("{FAE04EC0-301F-11D3-BF4B-00C04F79EFBC}") = "DeliveryService", "services\delivery\DeliveryService.csproj", "{D3FF0F9E-AC51-4CF2-925C-4E37781A370F}"
EndProject
Project("{2150E333-8FDC-42A3-9474-1A3956D46DE8}") = "kitchen", "kitchen", "{DFE396E6-200A-9FDB-ACE2-0FB640699213}"
EndProject
Project("{FAE04EC0-301F-11D3-BF4B-00C04F79EFBC}") = "KitchenService", "services\kitchen\KitchenService.csproj", "{6049D2D0-7C7D-4F17-B006-4412ED084A86}"
EndProject
Project("{2150E333-8FDC-42A3-9474-1A3956D46DE8}") = "order", "order", "{A7F1EA75-F84F-EDAA-1156-120873BE27D5}"
EndProject
Project("{FAE04EC0-301F-11D3-BF4B-00C04F79EFBC}") = "OrderService", "services\order\OrderService.csproj", "{6E834E21-78B2-4FD3-8099-02D0CD633FFD}"
EndProject
Project("{2150E333-8FDC-42A3-9474-1A3956D46DE8}") = "payment", "payment", "{714CC2AF-245C-D6B1-E117-A1157E62AF44}"
EndProject
Project("{FAE04EC0-301F-11D3-BF4B-00C04F79EFBC}") = "PaymentService", "services\payment\PaymentService.csproj", "{BA376277-B477-4524-BFA4-D4F475428041}"
EndProject
Project("{2150E333-8FDC-42A3-9474-1A3956D46DE8}") = "order.Tests", "order.Tests", "{AF48BDD6-4F11-CEA3-561D-E30CDC26BB66}"
EndProject
Project("{FAE04EC0-301F-11D3-BF4B-00C04F79EFBC}") = "OrderService.Tests", "services\order.Tests\OrderService.Tests.csproj", "{54AF4F1D-098C-42E0-8D80-2F799E66C81C}"
EndProject
Project("{2150E333-8FDC-42A3-9474-1A3956D46DE8}") = "payment.Tests", "payment.Tests", "{ACDD3D5A-95E0-50B6-129F-71261E52AF80}"
EndProject
Project("{FAE04EC0-301F-11D3-BF4B-00C04F79EFBC}") = "PaymentService.Tests", "services\payment.Tests\PaymentService.Tests.csproj", "{31EF61DD-E591-4996-BD3F-4AF8BE3BD842}"
EndProject
Project("{2150E333-8FDC-42A3-9474-1A3956D46DE8}") = "shared", "shared", "{4F52FD11-658E-A102-6CD3-7D7C16FFA15B}"
EndProject
Project("{FAE04EC0-301F-11D3-BF4B-00C04F79EFBC}") = "Reservoir.BuildingBlocks", "shared\Reservoir.BuildingBlocks\Reservoir.BuildingBlocks.csproj", "{693FABC0-090E-494B-9DF3-AD9989783974}"
EndProject
Project("{FAE04EC0-301F-11D3-BF4B-00C04F79EFBC}") = "Reservoir.TestSupport", "shared\Reservoir.TestSupport\Reservoir.TestSupport.csproj", "{32E536FE-5C52-4B85-B565-BC4685AE50FC}"
EndProject
Project("{2150E333-8FDC-42A3-9474-1A3956D46DE8}") = "kitchen.Tests", "kitchen.Tests", "{57C43B55-AFC3-6AD2-AE8E-B31597548198}"
EndProject
Project("{FAE04EC0-301F-11D3-BF4B-00C04F79EFBC}") = "KitchenService.Tests", "services\kitchen.Tests\KitchenService.Tests.csproj", "{83F62BF8-D565-41A5-92B0-F5388216C480}"
EndProject
Global
	GlobalSection(SolutionConfigurationPlatforms) = preSolution
		Debug|Any CPU = Debug|Any CPU
		Debug|x64 = Debug|x64
		Debug|x86 = Debug|x86
		Release|Any CPU = Release|Any CPU
		Release|x64 = Release|x64
		Release|x86 = Release|x86
	EndGlobalSection
	GlobalSection(ProjectConfigurationPlatforms) = postSolution
		{D3FF0F9E-AC51-4CF2-925C-4E37781A370F}.Debug|Any CPU.ActiveCfg = Debug|Any CPU
		{D3FF0F9E-AC51-4CF2-925C-4E37781A370F}.Debug|Any CPU.Build.0 = Debug|Any CPU
		{D3FF0F9E-AC51-4CF2-925C-4E37781A370F}.Debug|x64.ActiveCfg = Debug|Any CPU
		{D3FF0F9E-AC51-4CF2-925C-4E37781A370F}.Debug|x64.Build.0 = Debug|Any CPU
		{D3FF0F9E-AC51-4CF2-925C-4E37781A370F}.Debug|x86.ActiveCfg = Debug|Any CPU
		{D3FF0F9E-AC51-4CF2-925C-4E37781A370F}.Debug|x86.Build.0 = Debug|Any CPU
		{D3FF0F9E-AC51-4CF2-925C-4E37781A370F}.Release|Any CPU.ActiveCfg = Release|Any CPU
		{D3FF0F9E-AC51-4CF2-925C-4E37781A370F}.Release|Any CPU.Build.0 = Release|Any CPU
		{D3FF0F9E-AC51-4CF2-925C-4E37781A370F}.Release|x64.ActiveCfg = Release|Any CPU
		{D3FF0F9E-AC51-4CF2-925C-4E37781A370F}.Release|x64.Build.0 = Release|Any CPU
		{D3FF0F9E-AC51-4CF2-925C-4E37781A370F}.Release|x86.ActiveCfg = Release|Any CPU
		{D3FF0F9E-AC51-4CF2-925C-4E37781A370F}.Release|x86.Build.0 = Release|Any CPU
		{6049D2D0-7C7D-4F17-B006-4412ED084A86}.Debug|Any CPU.ActiveCfg = Debug|Any CPU
		{6049D2D0-7C7D-4F17-B006-4412ED084A86}.Debug|Any CPU.Build.0 = Debug|Any CPU
		{6049D2D0-7C7D-4F17-B006-4412ED084A86}.Debug|x64.ActiveCfg = Debug|Any CPU
		{6049D2D0-7C7D-4F17-B006-4412ED084A86}.Debug|x64.Build.0 = Debug|Any CPU
		{6049D2D0-7C7D-4F17-B006-4412ED084A86}.Debug|x86.ActiveCfg = Debug|Any CPU
		{6049D2D0-7C7D-4F17-B006-4412ED084A86}.Debug|x86.Build.0 = Debug|Any CPU
		{6049D2D0-7C7D-4F17-B006-4412ED084A86}.Release|Any CPU.ActiveCfg = Release|Any CPU
		{6049D2D0-7C7D-4F17-B006-4412ED084A86}.Release|Any CPU.Build.0 = Release|Any CPU
		{6049D2D0-7C7D-4F17-B006-4412ED084A86}.Release|x64.ActiveCfg = Release|Any CPU
		{6049D2D0-7C7D-4F17-B006-4412ED084A86}.Release|x64.Build.0 = Release|Any CPU
		{6049D2D0-7C7D-4F17-B006-4412ED084A86}.Release|x86.ActiveCfg = Release|Any CPU
		{6049D2D0-7C7D-4F17-B006-4412ED084A86}.Release|x86.Build.0 = Release|Any CPU
		{6E834E21-78B2-4FD3-8099-02D0CD633FFD}.Debug|Any CPU.ActiveCfg = Debug|Any CPU
		{6E834E21-78B2-4FD3-8099-02D0CD633FFD}.Debug|Any CPU.Build.0 = Debug|Any CPU
		{6E834E21-78B2-4FD3-8099-02D0CD633FFD}.Debug|x64.ActiveCfg = Debug|Any CPU
		{6E834E21-78B2-4FD3-8099-02D0CD633FFD}.Debug|x64.Build.0 = Debug|Any CPU
		{6E834E21-78B2-4FD3-8099-02D0CD633FFD}.Debug|x86.ActiveCfg = Debug|Any CPU
		{6E834E21-78B2-4FD3-8099-02D0CD633FFD}.Debug|x86.Build.0 = Debug|Any CPU
		{6E834E21-78B2-4FD3-8099-02D0CD633FFD}.Release|Any CPU.ActiveCfg = Release|Any CPU
		{6E834E21-78B2-4FD3-8099-02D0CD633FFD}.Release|Any CPU.Build.0 = Release|Any CPU
		{6E834E21-78B2-4FD3-8099-02D0CD633FFD}.Release|x64.ActiveCfg = Release|Any CPU
		{6E834E21-78B2-4FD3-8099-02D0CD633FFD}.Release|x64.Build.0 = Release|Any CPU
		{6E834E21-78B2-4FD3-8099-02D0CD633FFD}.Release|x86.ActiveCfg = Release|Any CPU
		{6E834E21-78B2-4FD3-8099-02D0CD633FFD}.Release|x86.Build.0 = Release|Any CPU
		{BA376277-B477-4524-BFA4-D4F475428041}.Debug|Any CPU.ActiveCfg = Debug|Any CPU
		{BA376277-B477-4524-BFA4-D4F475428041}.Debug|Any CPU.Build.0 = Debug|Any CPU
		{BA376277-B477-4524-BFA4-D4F475428041}.Debug|x64.ActiveCfg = Debug|Any CPU
		{BA376277-B477-4524-BFA4-D4F475428041}.Debug|x64.Build.0 = Debug|Any CPU
		{BA376277-B477-4524-BFA4-D4F475428041}.Debug|x86.ActiveCfg = Debug|Any CPU
		{BA376277-B477-4524-BFA4-D4F475428041}.Debug|x86.Build.0 = Debug|Any CPU
		{BA376277-B477-4524-BFA4-D4F475428041}.Release|Any CPU.ActiveCfg = Release|Any CPU
		{BA376277-B477-4524-BFA4-D4F475428041}.Release|Any CPU.Build.0 = Release|Any CPU
		{BA376277-B477-4524-BFA4-D4F475428041}.Release|x64.ActiveCfg = Release|Any CPU
		{BA376277-B477-4524-BFA4-D4F475428041}.Release|x64.Build.0 = Release|Any CPU
		{BA376277-B477-4524-BFA4-D4F475428041}.Release|x86.ActiveCfg = Release|Any CPU
		{BA376277-B477-4524-BFA4-D4F475428041}.Release|x86.Build.0 = Release|Any CPU
		{54AF4F1D-098C-42E0-8D80-2F799E66C81C}.Debug|Any CPU.ActiveCfg = Debug|Any CPU
		{54AF4F1D-098C-42E0-8D80-2F799E66C81C}.Debug|Any CPU.Build.0 = Debug|Any CPU
		{54AF4F1D-098C-42E0-8D80-2F799E66C81C}.Debug|x64.ActiveCfg = Debug|Any CPU
		{54AF4F1D-098C-42E0-8D80-2F799E66C81C}.Debug|x64.Build.0 = Debug|Any CPU
		{54AF4F1D-098C-42E0-8D80-2F799E66C81C}.Debug|x86.ActiveCfg = Debug|Any CPU
		{54AF4F1D-098C-42E0-8D80-2F799E66C81C}.Debug|x86.Build.0 = Debug|Any CPU
		{54AF4F1D-098C-42E0-8D80-2F799E66C81C}.Release|Any CPU.ActiveCfg = Release|Any CPU
		{54AF4F1D-098C-42E0-8D80-2F799E66C81C}.Release|Any CPU.Build.0 = Release|Any CPU
		{54AF4F1D-098C-42E0-8D80-2F799E66C81C}.Release|x64.ActiveCfg = Release|Any CPU
		{54AF4F1D-098C-42E0-8D80-2F799E66C81C}.Release|x64.Build.0 = Release|Any CPU
		{54AF4F1D-098C-42E0-8D80-2F799E66C81C}.Release|x86.ActiveCfg = Release|Any CPU
		{54AF4F1D-098C-42E0-8D80-2F799E66C81C}.Release|x86.Build.0 = Release|Any CPU
		{31EF61DD-E591-4996-BD3F-4AF8BE3BD842}.Debug|Any CPU.ActiveCfg = Debug|Any CPU
		{31EF61DD-E591-4996-BD3F-4AF8BE3BD842}.Debug|Any CPU.Build.0 = Debug|Any CPU
		{31EF61DD-E591-4996-BD3F-4AF8BE3BD842}.Debug|x64.ActiveCfg = Debug|Any CPU
		{31EF61DD-E591-4996-BD3F-4AF8BE3BD842}.Debug|x64.Build.0 = Debug|Any CPU
		{31EF61DD-E591-4996-BD3F-4AF8BE3BD842}.Debug|x86.ActiveCfg = Debug|Any CPU
		{31EF61DD-E591-4996-BD3F-4AF8BE3BD842}.Debug|x86.Build.0 = Debug|Any CPU
		{31EF61DD-E591-4996-BD3F-4AF8BE3BD842}.Release|Any CPU.ActiveCfg = Release|Any CPU
		{31EF61DD-E591-4996-BD3F-4AF8BE3BD842}.Release|Any CPU.Build.0 = Release|Any CPU
		{31EF61DD-E591-4996-BD3F-4AF8BE3BD842}.Release|x64.ActiveCfg = Release|Any CPU
		{31EF61DD-E591-4996-BD3F-4AF8BE3BD842}.Release|x64.Build.0 = Release|Any CPU
		{31EF61DD-E591-4996-BD3F-4AF8BE3BD842}.Release|x86.ActiveCfg = Release|Any CPU
		{31EF61DD-E591-4996-BD3F-4AF8BE3BD842}.Release|x86.Build.0 = Release|Any CPU
		{693FABC0-090E-494B-9DF3-AD9989783974}.Debug|Any CPU.ActiveCfg = Debug|Any CPU
		{693FABC0-090E-494B-9DF3-AD9989783974}.Debug|Any CPU.Build.0 = Debug|Any CPU
		{693FABC0-090E-494B-9DF3-AD9989783974}.Debug|x64.ActiveCfg = Debug|Any CPU
		{693FABC0-090E-494B-9DF3-AD9989783974}.Debug|x64.Build.0 = Debug|Any CPU
		{693FABC0-090E-494B-9DF3-AD9989783974}.Debug|x86.ActiveCfg = Debug|Any CPU
		{693FABC0-090E-494B-9DF3-AD9989783974}.Debug|x86.Build.0 = Debug|Any CPU
		{693FABC0-090E-494B-9DF3-AD9989783974}.Release|Any CPU.ActiveCfg = Release|Any CPU
		{693FABC0-090E-494B-9DF3-AD9989783974}.Release|Any CPU.Build.0 = Release|Any CPU
		{693FABC0-090E-494B-9DF3-AD9989783974}.Release|x64.ActiveCfg = Release|Any CPU
		{693FABC0-090E-494B-9DF3-AD9989783974}.Release|x64.Build.0 = Release|Any CPU
		{693FABC0-090E-494B-9DF3-AD9989783974}.Release|x86.ActiveCfg = Release|Any CPU
		{693FABC0-090E-494B-9DF3-AD9989783974}.Release|x86.Build.0 = Release|Any CPU
		{32E536FE-5C52-4B85-B565-BC4685AE50FC}.Debug|Any CPU.ActiveCfg = Debug|Any CPU
		{32E536FE-5C52-4B85-B565-BC4685AE50FC}.Debug|Any CPU.Build.0 = Debug|Any CPU
		{32E536FE-5C52-4B85-B565-BC4685AE50FC}.Debug|x64.ActiveCfg = Debug|Any CPU
		{32E536FE-5C52-4B85-B565-BC4685AE50FC}.Debug|x64.Build.0 = Debug|Any CPU
		{32E536FE-5C52-4B85-B565-BC4685AE50FC}.Debug|x86.ActiveCfg = Debug|Any CPU
		{32E536FE-5C52-4B85-B565-BC4685AE50FC}.Debug|x86.Build.0 = Debug|Any CPU
		{32E536FE-5C52-4B85-B565-BC4685AE50FC}.Release|Any CPU.ActiveCfg = Release|Any CPU
		{32E536FE-5C52-4B85-B565-BC4685AE50FC}.Release|Any CPU.Build.0 = Release|Any CPU
		{32E536FE-5C52-4B85-B565-BC4685AE50FC}.Release|x64.ActiveCfg = Release|Any CPU
		{32E536FE-5C52-4B85-B565-BC4685AE50FC}.Release|x64.Build.0 = Release|Any CPU
		{32E536FE-5C52-4B85-B565-BC4685AE50FC}.Release|x86.ActiveCfg = Release|Any CPU
		{32E536FE-5C52-4B85-B565-BC4685AE50FC}.Release|x86.Build.0 = Release|Any CPU
		{83F62BF8-D565-41A5-92B0-F5388216C480}.Debug|Any CPU.ActiveCfg = Debug|Any CPU
		{83F62BF8-D565-41A5-92B0-F5388216C480}.Debug|Any CPU.Build.0 = Debug|Any CPU
		{83F62BF8-D565-41A5-92B0-F5388216C480}.Debug|x64.ActiveCfg = Debug|Any CPU
		{83F62BF8-D565-41A5-92B0-F5388216C480}.Debug|x64.Build.0 = Debug|Any CPU
		{83F62BF8-D565-41A5-92B0-F5388216C480}.Debug|x86.ActiveCfg = Debug|Any CPU
		{83F62BF8-D565-41A5-92B0-F5388216C480}.Debug|x86.Build.0 = Debug|Any CPU
		{83F62BF8-D565-41A5-92B0-F5388216C480}.Release|Any CPU.ActiveCfg = Release|Any CPU
		{83F62BF8-D565-41A5-92B0-F5388216C480}.Release|Any CPU.Build.0 = Release|Any CPU
		{83F62BF8-D565-41A5-92B0-F5388216C480}.Release|x64.ActiveCfg = Release|Any CPU
		{83F62BF8-D565-41A5-92B0-F5388216C480}.Release|x64.Build.0 = Release|Any CPU
		{83F62BF8-D565-41A5-92B0-F5388216C480}.Release|x86.ActiveCfg = Release|Any CPU
		{83F62BF8-D565-41A5-92B0-F5388216C480}.Release|x86.Build.0 = Release|Any CPU
	EndGlobalSection
	GlobalSection(SolutionProperties) = preSolution
		HideSolutionNode = FALSE
	EndGlobalSection
	GlobalSection(NestedProjects) = preSolution
		{269E2EEF-A70D-B8BE-4352-54CF8C86B016} = {5854FF58-B8C5-05C6-5BF2-ACE42193F22B}
		{D3FF0F9E-AC51-4CF2-925C-4E37781A370F} = {269E2EEF-A70D-B8BE-4352-54CF8C86B016}
		{DFE396E6-200A-9FDB-ACE2-0FB640699213} = {5854FF58-B8C5-05C6-5BF2-ACE42193F22B}
		{6049D2D0-7C7D-4F17-B006-4412ED084A86} = {DFE396E6-200A-9FDB-ACE2-0FB640699213}
		{A7F1EA75-F84F-EDAA-1156-120873BE27D5} = {5854FF58-B8C5-05C6-5BF2-ACE42193F22B}
		{6E834E21-78B2-4FD3-8099-02D0CD633FFD} = {A7F1EA75-F84F-EDAA-1156-120873BE27D5}
		{714CC2AF-245C-D6B1-E117-A1157E62AF44} = {5854FF58-B8C5-05C6-5BF2-ACE42193F22B}
		{BA376277-B477-4524-BFA4-D4F475428041} = {714CC2AF-245C-D6B1-E117-A1157E62AF44}
		{AF48BDD6-4F11-CEA3-561D-E30CDC26BB66} = {5854FF58-B8C5-05C6-5BF2-ACE42193F22B}
		{54AF4F1D-098C-42E0-8D80-2F799E66C81C} = {AF48BDD6-4F11-CEA3-561D-E30CDC26BB66}
		{ACDD3D5A-95E0-50B6-129F-71261E52AF80} = {5854FF58-B8C5-05C6-5BF2-ACE42193F22B}
		{31EF61DD-E591-4996-BD3F-4AF8BE3BD842} = {ACDD3D5A-95E0-50B6-129F-71261E52AF80}
		{693FABC0-090E-494B-9DF3-AD9989783974} = {4F52FD11-658E-A102-6CD3-7D7C16FFA15B}
		{32E536FE-5C52-4B85-B565-BC4685AE50FC} = {4F52FD11-658E-A102-6CD3-7D7C16FFA15B}
		{57C43B55-AFC3-6AD2-AE8E-B31597548198} = {5854FF58-B8C5-05C6-5BF2-ACE42193F22B}
		{83F62BF8-D565-41A5-92B0-F5388216C480} = {57C43B55-AFC3-6AD2-AE8E-B31597548198}
	EndGlobalSection
	GlobalSection(ExtensibilityGlobals) = postSolution
		SolutionGuid = {45450D3F-58E7-430A-870F-3738EC0348DF}
	EndGlobalSection
EndGlobal
