
Microsoft Visual Studio Solution File, Format Version 12.00
# Visual Studio Version 17
VisualStudioVersion = 17.0.31903.59
MinimumVisualStudioVersion = 10.0.40219.1
Project("{2150E333-8FDC-42A3-9474-1A3956D46DE8}") = "services", "services", "{5854FF58-B8C5-05C6-5BF2-ACE42193F22B}"
EndProject
Project("{2150E333-8FDC-42A3-9474-1A3956D46DE8}") = "delivery", "delivery", "{269E2EEF-A70D-B8BE-4352-54CF8C86B016}"
EndProject
Project("{FAE04EC0-301F-11D3-BF4B-00C04F79EFBC}") = "DeliveryService", "services\delivery\DeliveryService.csproj", "{D3FF0F9E-AC51-4CF2-925C-4E37781A370F}"
EndProject
Project("{2150E333-8FDC-42A3-9474-1A3956D46DE8}") = "kitchen", "kitchen", "{DFE396E6-200A-9FDB-ACE2-0FB640699213}"
EndProject
Project("{FAE04EC0-301F-11D3-BF4B-00C04F79EFBC}") = "KitchenService", "services\kitchen\KitchenService.csproj", "{6049D2D0-7C7D-4F17-B006-4412ED084A86}"
EndProject
Project("{2150E333-8FDC-42A3-9474-1A3956D46DE8}") = "order", "order", "{A7F1EA75-F84F-EDAA-1156-120873BE27D5}"
EndProject
Project("{FAE04EC0-301F-11D3-BF4B-00C04F79EFBC}") = "OrderService", "services\order\OrderService.csproj", "{6E834E21-78B2-4FD3-8099-02D0CD633FFD}"
EndProject
Project("{2150E333-8FDC-42A3-9474-1A3956D46DE8}") = "payment", "payment", "{714CC2AF-245C-D6B1-E117-A1157E62AF44}"
EndProject
Project("{FAE04EC0-301F-11D3-BF4B-00C04F79EFBC}") = "PaymentService", "services\payment\PaymentService.csproj", "{BA376277-B477-4524-BFA4-D4F475428041}"
EndProject
Global
	GlobalSection(SolutionConfigurationPlatforms) = preSolution
		Debug|Any CPU = Debug|Any CPU
		Debug|x64 = Debug|x64
		Debug|x86 = Debug|x86
		Release|Any CPU = Release|Any CPU
		Release|x64 = Release|x64
		Release|x86 = Release|x86
	EndGlobalSection
	GlobalSection(ProjectConfigurationPlatforms) = postSolution
		{D3FF0F9E-AC51-4CF2-925C-4E37781A370F}.Debug|Any CPU.ActiveCfg = Debug|Any CPU
		{D3FF0F9E-AC51-4CF2-925C-4E37781A370F}.Debug|Any CPU.Build.0 = Debug|Any CPU
		{D3FF0F9E-AC51-4CF2-925C-4E37781A370F}.Debug|x64.ActiveCfg = Debug|Any CPU
		{D3FF0F9E-AC51-4CF2-925C-4E37781A370F}.Debug|x64.Build.0 = Debug|Any CPU
		{D3FF0F9E-AC51-4CF2-925C-4E37781A370F}.Debug|x86.ActiveCfg = Debug|Any CPU
		{D3FF0F9E-AC51-4CF2-925C-4E37781A370F}.Debug|x86.Build.0 = Debug|Any CPU
		{D3FF0F9E-AC51-4CF2-925C-4E37781A370F}.Release|Any CPU.ActiveCfg = Release|Any CPU
		{D3FF0F9E-AC51-4CF2-925C-4E37781A370F}.Release|Any CPU.Build.0 = Release|Any CPU
		{D3FF0F9E-AC51-4CF2-925C-4E37781A370F}.Release|x64.ActiveCfg = Release|Any CPU
		{D3FF0F9E-AC51-4CF2-925C-4E37781A370F}.Release|x64.Build.0 = Release|Any CPU
		{D3FF0F9E-AC51-4CF2-925C-4E37781A370F}.Release|x86.ActiveCfg = Release|Any CPU
		{D3FF0F9E-AC51-4CF2-925C-4E37781A370F}.Release|x86.Build.0 = Release|Any CPU
		{6049D2D0-7C7D-4F17-B006-4412ED084A86}.Debug|Any CPU.ActiveCfg = Debug|Any CPU
		{6049D2D0-7C7D-4F17-B006-4412ED084A86}.Debug|Any CPU.Build.0 = Debug|Any CPU
		{6049D2D0-7C7D-4F17-B006-4412ED084A86}.Debug|x64.ActiveCfg = Debug|Any CPU
		{6049D2D0-7C7D-4F17-B006-4412ED084A86}.Debug|x64.Build.0 = Debug|Any CPU
		{6049D2D0-7C7D-4F17-B006-4412ED084A86}.Debug|x86.ActiveCfg = Debug|Any CPU
		{6049D2D0-7C7D-4F17-B006-4412ED084A86}.Debug|x86.Build.0 = Debug|Any CPU
		{6049D2D0-7C7D-4F17-B006-4412ED084A86}.Release|Any CPU.ActiveCfg = Release|Any CPU
		{6049D2D0-7C7D-4F17-B006-4412ED084A86}.Release|Any CPU.Build.0 = Release|Any CPU
		{6049D2D0-7C7D-4F17-B006-4412ED084A86}.Release|x64.ActiveCfg = Release|Any CPU
		{6049D2D0-7C7D-4F17-B006-4412ED084A86}.Release|x64.Build.0 = Release|Any CPU
		{6049D2D0-7C7D-4F17-B006-4412ED084A86}.Release|x86.ActiveCfg = Release|Any CPU
		{6049D2D0-7C7D-4F17-B006-4412ED084A86}.Release|x86.Build.0 = Release|Any CPU
		{6E834E21-78B2-4FD3-8099-02D0CD633FFD}.Debug|Any CPU.ActiveCfg = Debug|Any CPU
		{6E834E21-78B2-4FD3-8099-02D0CD633FFD}.Debug|Any CPU.Build.0 = Debug|Any CPU
		{6E834E21-78B2-4FD3-8099-02D0CD633FFD}.Debug|x64.ActiveCfg = Debug|Any CPU
		{6E834E21-78B2-4FD3-8099-02D0CD633FFD}.Debug|x64.Build.0 = Debug|Any CPU
		{6E834E21-78B2-4FD3-8099-02D0CD633FFD}.Debug|x86.ActiveCfg = Debug|Any CPU
		{6E834E21-78B2-4FD3-8099-02D0CD633FFD}.Debug|x86.Build.0 = Debug|Any CPU
		{6E834E21-78B2-4FD3-8099-02D0CD633FFD}.Release|Any CPU.ActiveCfg = Release|Any CPU
		{6E834E21-78B2-4FD3-8099-02D0CD633FFD}.Release|Any CPU.Build.0 = Release|Any CPU
		{6E834E21-78B2-4FD3-8099-02D0CD633FFD}.Release|x64.ActiveCfg = Release|Any CPU
		{6E834E21-78B2-4FD3-8099-02D0CD633FFD}.Release|x64.Build.0 = Release|Any CPU
		{6E834E21-78B2-4FD3-8099-02D0CD633FFD}.Release|x86.ActiveCfg = Release|Any CPU
		{6E834E21-78B2-4FD3-8099-02D0CD633FFD}.Release|x86.Build.0 = Release|Any CPU
		{BA376277-B477-4524-BFA4-D4F475428041}.Debug|Any CPU.ActiveCfg = Debug|Any CPU
		{BA376277-B477-4524-BFA4-D4F475428041}.Debug|Any CPU.Build.0 = Debug|Any CPU
		{BA376277-B477-4524-BFA4-D4F475428041}.Debug|x64.ActiveCfg = Debug|Any CPU
		{BA376277-B477-4524-BFA4-D4F475428041}.Debug|x64.Build.0 = Debug|Any CPU
		{BA376277-B477-4524-BFA4-D4F475428041}.Debug|x86.ActiveCfg = Debug|Any CPU
		{BA376277-B477-4524-BFA4-D4F475428041}.Debug|x86.Build.0 = Debug|Any CPU
		{BA376277-B477-4524-BFA4-D4F475428041}.Release|Any CPU.ActiveCfg = Release|Any CPU
		{BA376277-B477-4524-BFA4-D4F475428041}.Release|Any CPU.Build.0 = Release|Any CPU
		{BA376277-B477-4524-BFA4-D4F475428041}.Release|x64.ActiveCfg = Release|Any CPU
		{BA376277-B477-4524-BFA4-D4F475428041}.Release|x64.Build.0 = Release|Any CPU
		{BA376277-B477-4524-BFA4-D4F475428041}.Release|x86.ActiveCfg = Release|Any CPU
		{BA376277-B477-4524-BFA4-D4F475428041}.Release|x86.Build.0 = Release|Any CPU
	EndGlobalSection
	GlobalSection(SolutionProperties) = preSolution
		HideSolutionNode = FALSE
	EndGlobalSection
	GlobalSection(NestedProjects) = preSolution
		{269E2EEF-A70D-B8BE-4352-54CF8C86B016} = {5854FF58-B8C5-05C6-5BF2-ACE42193F22B}
		{D3FF0F9E-AC51-4CF2-925C-4E37781A370F} = {269E2EEF-A70D-B8BE-4352-54CF8C86B016}
		{DFE396E6-200A-9FDB-ACE2-0FB640699213} = {5854FF58-B8C5-05C6-5BF2-ACE42193F22B}
		{6049D2D0-7C7D-4F17-B006-4412ED084A86} = {DFE396E6-200A-9FDB-ACE2-0FB640699213}
		{A7F1EA75-F84F-EDAA-1156-120873BE27D5} = {5854FF58-B8C5-05C6-5BF2-ACE42193F22B}
		{6E834E21-78B2-4FD3-8099-02D0CD633FFD} = {A7F1EA75-F84F-EDAA-1156-120873BE27D5}
		{714CC2AF-245C-D6B1-E117-A1157E62AF44} = {5854FF58-B8C5-05C6-5BF2-ACE42193F22B}
		{BA376277-B477-4524-BFA4-D4F475428041} = {714CC2AF-245C-D6B1-E117-A1157E62AF44}
	EndGlobalSection
EndGlobal
